
Microsoft Visual Studio Solution File, Format Version 12.00
Project("{FAE04EC0-301F-11D3-BF4B-00C04F79EFBC}") = "AsyncCourse.Accounting.Api", "AsyncCourse.Accounting.Api\AsyncCourse.Accounting.Api.csproj", "{0D5A0A46-47EB-48A3-9A1A-486A8BE0E92B}"
EndProject
Project("{2150E333-8FDC-42A3-9474-1A3956D46DE8}") = "Core", "Core", "{E3013C63-69F8-499F-B5D3-9E5EE0931F90}"
EndProject
Project("{2150E333-8FDC-42A3-9474-1A3956D46DE8}") = "Accounting", "Accounting", "{9B4AD7FE-B77A-4D35-8E40-E1911A8A4D13}"
EndProject
Project("{2150E333-8FDC-42A3-9474-1A3956D46DE8}") = "External", "External", "{AC13488F-CAE0-42E7-BB9D-FE8893271E78}"
EndProject
Project("{2150E333-8FDC-42A3-9474-1A3956D46DE8}") = "Client", "Client", "{CF6AEC7E-0ECC-40C1-90B4-1B239FC733AF}"
EndProject
Project("{2150E333-8FDC-42A3-9474-1A3956D46DE8}") = "Db", "Db", "{149C27DF-AF83-4856-910B-80EF46F2A83B}"
EndProject
Project("{2150E333-8FDC-42A3-9474-1A3956D46DE8}") = "Kafka", "Kafka", "{1DE5AEEF-1C92-4B70-8880-5A4E6F417054}"
EndProject
Project("{2150E333-8FDC-42A3-9474-1A3956D46DE8}") = "Service", "Service", "{D7EFA633-E315-491E-911C-B6D4FFD563CD}"
EndProject
Project("{FAE04EC0-301F-11D3-BF4B-00C04F79EFBC}") = "AsyncCourse.Core", "..\..\Core\AsyncCourse.Core\AsyncCourse.Core.csproj", "{EC144D85-25C9-4EE9-944B-4233F8317FE6}"
EndProject
Project("{FAE04EC0-301F-11D3-BF4B-00C04F79EFBC}") = "AsyncCourse.Core.Service.Domain.Startup", "..\..\Core\AsyncCourse.Core.Service.Domain.Startup\AsyncCourse.Core.Service.Domain.Startup.csproj", "{8BFD5959-5C7E-482A-AE56-AD2741D9EC8B}"
EndProject
Project("{FAE04EC0-301F-11D3-BF4B-00C04F79EFBC}") = "AsyncCourse.Template.Kafka.MessageBus", "..\..\Core\AsyncCourse.Template.Kafka.MessageBus\AsyncCourse.Template.Kafka.MessageBus.csproj", "{2B1A9CAD-C851-4E38-8142-1EEC8ECCCAFE}"
EndProject
Project("{FAE04EC0-301F-11D3-BF4B-00C04F79EFBC}") = "AsyncCourse.Core.Db", "..\..\Core\AsyncCourse.Core.Db\AsyncCourse.Core.Db.csproj", "{F2F97CEE-FBA3-4E9B-AD99-EDF4CC590030}"
EndProject
Project("{FAE04EC0-301F-11D3-BF4B-00C04F79EFBC}") = "AsyncCourse.Core.Db.Configuration", "..\..\Core\AsyncCourse.Core.Db.Configuration\AsyncCourse.Core.Db.Configuration.csproj", "{E98883C7-6AB7-48FE-9EE0-F915A6823560}"
EndProject
Project("{FAE04EC0-301F-11D3-BF4B-00C04F79EFBC}") = "AsyncCourse.Client", "..\..\Core\AsyncCourse.Client\AsyncCourse.Client.csproj", "{6090B71F-3DDE-4CDB-BE87-06AC1DEB0458}"
EndProject
Project("{FAE04EC0-301F-11D3-BF4B-00C04F79EFBC}") = "AsyncCourse.Auth.Api.Client", "..\..\Auth\AsyncCourse.AuthApi\AsyncCourse.Auth.Api.Client\AsyncCourse.Auth.Api.Client.csproj", "{0113BF1E-BED1-409E-B3C4-1C331FB6C37F}"
EndProject
Project("{2150E333-8FDC-42A3-9474-1A3956D46DE8}") = "Domain", "Domain", "{7E6D508F-70EC-4C81-B122-417FE7EAE280}"
EndProject
Project("{FAE04EC0-301F-11D3-BF4B-00C04F79EFBC}") = "AsyncCourse.Accounting.Api.Db", "AsyncCourse.Accounting.Api.Db\AsyncCourse.Accounting.Api.Db.csproj", "{EFD5F147-EE90-4DB2-8B5C-43DDF728D949}"
EndProject
Project("{FAE04EC0-301F-11D3-BF4B-00C04F79EFBC}") = "AsyncCourse.Accounting.Api.Models", "AsyncCourse.Accounting.Api.Models\AsyncCourse.Accounting.Api.Models.csproj", "{CB418C72-2F6E-45B2-996A-8E83223FE053}"
EndProject
Project("{FAE04EC0-301F-11D3-BF4B-00C04F79EFBC}") = "AsyncCourse.Accounting.Api.Domain", "AsyncCourse.Accounting.Api.Domain\AsyncCourse.Accounting.Api.Domain.csproj", "{7A30C487-BEE9-487F-812A-02E282DD0E9E}"
EndProject
Project("{FAE04EC0-301F-11D3-BF4B-00C04F79EFBC}") = "AsyncCourse.Accounting.Api.Client", "AsyncCourse.Accounting.Api.Client\AsyncCourse.Accounting.Api.Client.csproj", "{815818B1-5703-4B63-A2AD-B87A36582873}"
EndProject
Project("{FAE04EC0-301F-11D3-BF4B-00C04F79EFBC}") = "AsyncCourse.Accounting.AccountsDaemon", "AsyncCourse.Accounting.AccountsDaemon\AsyncCourse.Accounting.AccountsDaemon.csproj", "{E69227C2-878F-4CCB-B3CD-18AFFA3EAC16}"
EndProject
Project("{FAE04EC0-301F-11D3-BF4B-00C04F79EFBC}") = "AsyncCourse.Accounting.IssuesDaemon", "AsyncCourse.Accounting.IssuesDaemon\AsyncCourse.Accounting.IssuesDaemon.csproj", "{20E7C580-3E8D-412F-BEDB-17AEEC870E8E}"
EndProject
Project("{2150E333-8FDC-42A3-9474-1A3956D46DE8}") = "Daemons", "Daemons", "{627AE90E-EAA4-4CE7-8DCD-E77C03B03050}"
EndProject
Global
	GlobalSection(SolutionConfigurationPlatforms) = preSolution
		Debug|Any CPU = Debug|Any CPU
		Release|Any CPU = Release|Any CPU
	EndGlobalSection
	GlobalSection(ProjectConfigurationPlatforms) = postSolution
		{0D5A0A46-47EB-48A3-9A1A-486A8BE0E92B}.Debug|Any CPU.ActiveCfg = Debug|Any CPU
		{0D5A0A46-47EB-48A3-9A1A-486A8BE0E92B}.Debug|Any CPU.Build.0 = Debug|Any CPU
		{0D5A0A46-47EB-48A3-9A1A-486A8BE0E92B}.Release|Any CPU.ActiveCfg = Release|Any CPU
		{0D5A0A46-47EB-48A3-9A1A-486A8BE0E92B}.Release|Any CPU.Build.0 = Release|Any CPU
		{EC144D85-25C9-4EE9-944B-4233F8317FE6}.Debug|Any CPU.ActiveCfg = Debug|Any CPU
		{EC144D85-25C9-4EE9-944B-4233F8317FE6}.Debug|Any CPU.Build.0 = Debug|Any CPU
		{EC144D85-25C9-4EE9-944B-4233F8317FE6}.Release|Any CPU.ActiveCfg = Release|Any CPU
		{EC144D85-25C9-4EE9-944B-4233F8317FE6}.Release|Any CPU.Build.0 = Release|Any CPU
		{8BFD5959-5C7E-482A-AE56-AD2741D9EC8B}.Debug|Any CPU.ActiveCfg = Debug|Any CPU
		{8BFD5959-5C7E-482A-AE56-AD2741D9EC8B}.Debug|Any CPU.Build.0 = Debug|Any CPU
		{8BFD5959-5C7E-482A-AE56-AD2741D9EC8B}.Release|Any CPU.ActiveCfg = Release|Any CPU
		{8BFD5959-5C7E-482A-AE56-AD2741D9EC8B}.Release|Any CPU.Build.0 = Release|Any CPU
		{2B1A9CAD-C851-4E38-8142-1EEC8ECCCAFE}.Debug|Any CPU.ActiveCfg = Debug|Any CPU
		{2B1A9CAD-C851-4E38-8142-1EEC8ECCCAFE}.Debug|Any CPU.Build.0 = Debug|Any CPU
		{2B1A9CAD-C851-4E38-8142-1EEC8ECCCAFE}.Release|Any CPU.ActiveCfg = Release|Any CPU
		{2B1A9CAD-C851-4E38-8142-1EEC8ECCCAFE}.Release|Any CPU.Build.0 = Release|Any CPU
		{F2F97CEE-FBA3-4E9B-AD99-EDF4CC590030}.Debug|Any CPU.ActiveCfg = Debug|Any CPU
		{F2F97CEE-FBA3-4E9B-AD99-EDF4CC590030}.Debug|Any CPU.Build.0 = Debug|Any CPU
		{F2F97CEE-FBA3-4E9B-AD99-EDF4CC590030}.Release|Any CPU.ActiveCfg = Release|Any CPU
		{F2F97CEE-FBA3-4E9B-AD99-EDF4CC590030}.Release|Any CPU.Build.0 = Release|Any CPU
		{E98883C7-6AB7-48FE-9EE0-F915A6823560}.Debug|Any CPU.ActiveCfg = Debug|Any CPU
		{E98883C7-6AB7-48FE-9EE0-F915A6823560}.Debug|Any CPU.Build.0 = Debug|Any CPU
		{E98883C7-6AB7-48FE-9EE0-F915A6823560}.Release|Any CPU.ActiveCfg = Release|Any CPU
		{E98883C7-6AB7-48FE-9EE0-F915A6823560}.Release|Any CPU.Build.0 = Release|Any CPU
		{6090B71F-3DDE-4CDB-BE87-06AC1DEB0458}.Debug|Any CPU.ActiveCfg = Debug|Any CPU
		{6090B71F-3DDE-4CDB-BE87-06AC1DEB0458}.Debug|Any CPU.Build.0 = Debug|Any CPU
		{6090B71F-3DDE-4CDB-BE87-06AC1DEB0458}.Release|Any CPU.ActiveCfg = Release|Any CPU
		{6090B71F-3DDE-4CDB-BE87-06AC1DEB0458}.Release|Any CPU.Build.0 = Release|Any CPU
		{0113BF1E-BED1-409E-B3C4-1C331FB6C37F}.Debug|Any CPU.ActiveCfg = Debug|Any CPU
		{0113BF1E-BED1-409E-B3C4-1C331FB6C37F}.Debug|Any CPU.Build.0 = Debug|Any CPU
		{0113BF1E-BED1-409E-B3C4-1C331FB6C37F}.Release|Any CPU.ActiveCfg = Release|Any CPU
		{0113BF1E-BED1-409E-B3C4-1C331FB6C37F}.Release|Any CPU.Build.0 = Release|Any CPU
		{EFD5F147-EE90-4DB2-8B5C-43DDF728D949}.Debug|Any CPU.ActiveCfg = Debug|Any CPU
		{EFD5F147-EE90-4DB2-8B5C-43DDF728D949}.Debug|Any CPU.Build.0 = Debug|Any CPU
		{EFD5F147-EE90-4DB2-8B5C-43DDF728D949}.Release|Any CPU.ActiveCfg = Release|Any CPU
		{EFD5F147-EE90-4DB2-8B5C-43DDF728D949}.Release|Any CPU.Build.0 = Release|Any CPU
		{CB418C72-2F6E-45B2-996A-8E83223FE053}.Debug|Any CPU.ActiveCfg = Debug|Any CPU
		{CB418C72-2F6E-45B2-996A-8E83223FE053}.Debug|Any CPU.Build.0 = Debug|Any CPU
		{CB418C72-2F6E-45B2-996A-8E83223FE053}.Release|Any CPU.ActiveCfg = Release|Any CPU
		{CB418C72-2F6E-45B2-996A-8E83223FE053}.Release|Any CPU.Build.0 = Release|Any CPU
		{7A30C487-BEE9-487F-812A-02E282DD0E9E}.Debug|Any CPU.ActiveCfg = Debug|Any CPU
		{7A30C487-BEE9-487F-812A-02E282DD0E9E}.Debug|Any CPU.Build.0 = Debug|Any CPU
		{7A30C487-BEE9-487F-812A-02E282DD0E9E}.Release|Any CPU.ActiveCfg = Release|Any CPU
		{7A30C487-BEE9-487F-812A-02E282DD0E9E}.Release|Any CPU.Build.0 = Release|Any CPU
		{815818B1-5703-4B63-A2AD-B87A36582873}.Debug|Any CPU.ActiveCfg = Debug|Any CPU
		{815818B1-5703-4B63-A2AD-B87A36582873}.Debug|Any CPU.Build.0 = Debug|Any CPU
		{815818B1-5703-4B63-A2AD-B87A36582873}.Release|Any CPU.ActiveCfg = Release|Any CPU
		{815818B1-5703-4B63-A2AD-B87A36582873}.Release|Any CPU.Build.0 = Release|Any CPU
		{E69227C2-878F-4CCB-B3CD-18AFFA3EAC16}.Debug|Any CPU.ActiveCfg = Debug|Any CPU
		{E69227C2-878F-4CCB-B3CD-18AFFA3EAC16}.Debug|Any CPU.Build.0 = Debug|Any CPU
		{E69227C2-878F-4CCB-B3CD-18AFFA3EAC16}.Release|Any CPU.ActiveCfg = Release|Any CPU
		{E69227C2-878F-4CCB-B3CD-18AFFA3EAC16}.Release|Any CPU.Build.0 = Release|Any CPU
		{20E7C580-3E8D-412F-BEDB-17AEEC870E8E}.Debug|Any CPU.ActiveCfg = Debug|Any CPU
		{20E7C580-3E8D-412F-BEDB-17AEEC870E8E}.Debug|Any CPU.Build.0 = Debug|Any CPU
		{20E7C580-3E8D-412F-BEDB-17AEEC870E8E}.Release|Any CPU.ActiveCfg = Release|Any CPU
		{20E7C580-3E8D-412F-BEDB-17AEEC870E8E}.Release|Any CPU.Build.0 = Release|Any CPU
	EndGlobalSection
	GlobalSection(NestedProjects) = preSolution
		{CF6AEC7E-0ECC-40C1-90B4-1B239FC733AF} = {E3013C63-69F8-499F-B5D3-9E5EE0931F90}
		{149C27DF-AF83-4856-910B-80EF46F2A83B} = {E3013C63-69F8-499F-B5D3-9E5EE0931F90}
		{1DE5AEEF-1C92-4B70-8880-5A4E6F417054} = {E3013C63-69F8-499F-B5D3-9E5EE0931F90}
		{D7EFA633-E315-491E-911C-B6D4FFD563CD} = {E3013C63-69F8-499F-B5D3-9E5EE0931F90}
		{0D5A0A46-47EB-48A3-9A1A-486A8BE0E92B} = {9B4AD7FE-B77A-4D35-8E40-E1911A8A4D13}
		{EC144D85-25C9-4EE9-944B-4233F8317FE6} = {D7EFA633-E315-491E-911C-B6D4FFD563CD}
		{8BFD5959-5C7E-482A-AE56-AD2741D9EC8B} = {D7EFA633-E315-491E-911C-B6D4FFD563CD}
		{2B1A9CAD-C851-4E38-8142-1EEC8ECCCAFE} = {1DE5AEEF-1C92-4B70-8880-5A4E6F417054}
		{F2F97CEE-FBA3-4E9B-AD99-EDF4CC590030} = {149C27DF-AF83-4856-910B-80EF46F2A83B}
		{E98883C7-6AB7-48FE-9EE0-F915A6823560} = {149C27DF-AF83-4856-910B-80EF46F2A83B}
		{6090B71F-3DDE-4CDB-BE87-06AC1DEB0458} = {CF6AEC7E-0ECC-40C1-90B4-1B239FC733AF}
		{0113BF1E-BED1-409E-B3C4-1C331FB6C37F} = {AC13488F-CAE0-42E7-BB9D-FE8893271E78}
		{7E6D508F-70EC-4C81-B122-417FE7EAE280} = {9B4AD7FE-B77A-4D35-8E40-E1911A8A4D13}
		{EFD5F147-EE90-4DB2-8B5C-43DDF728D949} = {7E6D508F-70EC-4C81-B122-417FE7EAE280}
		{CB418C72-2F6E-45B2-996A-8E83223FE053} = {7E6D508F-70EC-4C81-B122-417FE7EAE280}
		{7A30C487-BEE9-487F-812A-02E282DD0E9E} = {7E6D508F-70EC-4C81-B122-417FE7EAE280}
		{815818B1-5703-4B63-A2AD-B87A36582873} = {9B4AD7FE-B77A-4D35-8E40-E1911A8A4D13}
		{627AE90E-EAA4-4CE7-8DCD-E77C03B03050} = {9B4AD7FE-B77A-4D35-8E40-E1911A8A4D13}
		{E69227C2-878F-4CCB-B3CD-18AFFA3EAC16} = {627AE90E-EAA4-4CE7-8DCD-E77C03B03050}
		{20E7C580-3E8D-412F-BEDB-17AEEC870E8E} = {627AE90E-EAA4-4CE7-8DCD-E77C03B03050}
	EndGlobalSection
EndGlobal
