
Microsoft Visual Studio Solution File, Format Version 12.00
Project("{2150E333-8FDC-42A3-9474-1A3956D46DE8}") = "Core", "Core", "{B50EF139-3845-465D-B537-DEF27681A35A}"
EndProject
Project("{2150E333-8FDC-42A3-9474-1A3956D46DE8}") = "Db", "Db", "{AC808A15-A12E-4BE4-8906-AF3F50BA38EC}"
EndProject
Project("{2150E333-8FDC-42A3-9474-1A3956D46DE8}") = "Kafka", "Kafka", "{4D62D0C7-8DAE-4247-BD14-69A046229486}"
EndProject
Project("{2150E333-8FDC-42A3-9474-1A3956D46DE8}") = "Service", "Service", "{9AA6A305-54A6-47A1-814A-22B13B2E8E4B}"
EndProject
Project("{2150E333-8FDC-42A3-9474-1A3956D46DE8}") = "Client", "Client", "{F4DB7D57-47C5-445C-A4A9-CD81E7A09A11}"
EndProject
Project("{FAE04EC0-301F-11D3-BF4B-00C04F79EFBC}") = "AsyncCourse.Core", "..\..\Core\AsyncCourse.Core\AsyncCourse.Core.csproj", "{9AB5BB1E-BC87-49DC-BCB9-B86CAFCDD95B}"
EndProject
Project("{FAE04EC0-301F-11D3-BF4B-00C04F79EFBC}") = "AsyncCourse.Core.Service.Domain.Startup", "..\..\Core\AsyncCourse.Core.Service.Domain.Startup\AsyncCourse.Core.Service.Domain.Startup.csproj", "{27348D9C-D34F-4A7A-852C-24E52976C883}"
EndProject
Project("{FAE04EC0-301F-11D3-BF4B-00C04F79EFBC}") = "AsyncCourse.Core.Db", "..\..\Core\AsyncCourse.Core.Db\AsyncCourse.Core.Db.csproj", "{4D9357A2-2474-4BA9-AF28-B9467FBB4BE1}"
EndProject
Project("{FAE04EC0-301F-11D3-BF4B-00C04F79EFBC}") = "AsyncCourse.Core.Db.Configuration", "..\..\Core\AsyncCourse.Core.Db.Configuration\AsyncCourse.Core.Db.Configuration.csproj", "{4BBDCE69-B6EA-46F3-8C1E-0FBCE422EF38}"
EndProject
Project("{FAE04EC0-301F-11D3-BF4B-00C04F79EFBC}") = "AsyncCourse.Client", "..\..\Core\AsyncCourse.Client\AsyncCourse.Client.csproj", "{0F1F5E93-D78F-4986-900E-D4C029CA1A64}"
EndProject
Project("{FAE04EC0-301F-11D3-BF4B-00C04F79EFBC}") = "AsyncCourse.Template.Kafka.MessageBus", "..\..\Core\AsyncCourse.Template.Kafka.MessageBus\AsyncCourse.Template.Kafka.MessageBus.csproj", "{F41092A8-9D90-4535-8B98-3D8DBB6A3B5A}"
EndProject
Project("{2150E333-8FDC-42A3-9474-1A3956D46DE8}") = "Auth", "Auth", "{197BA889-6DD3-4F00-85A9-FBC3EE09F25A}"
EndProject
Project("{2150E333-8FDC-42A3-9474-1A3956D46DE8}") = "Domain", "Domain", "{2AA219BF-574A-40E4-B13E-8D4B2F733440}"
EndProject
Project("{FAE04EC0-301F-11D3-BF4B-00C04F79EFBC}") = "AsyncCourse.Auth.Api.Db", "AsyncCourse.Auth.Api.Db\AsyncCourse.Auth.Api.Db.csproj", "{3CABA961-B59E-4E3B-9A71-6D98831A91D2}"
EndProject
Project("{FAE04EC0-301F-11D3-BF4B-00C04F79EFBC}") = "AsyncCourse.Auth.Api.Domain", "AsyncCourse.Auth.Api.Domain\AsyncCourse.Auth.Api.Domain.csproj", "{AA8DA72B-F36E-4905-B9A7-BC47F0D0D964}"
EndProject
Project("{FAE04EC0-301F-11D3-BF4B-00C04F79EFBC}") = "AsyncCourse.Auth.Api.Models", "AsyncCourse.Auth.Api.Models\AsyncCourse.Auth.Api.Models.csproj", "{D318C621-0DF1-4494-81EC-99CB8A248D1B}"
EndProject
Project("{FAE04EC0-301F-11D3-BF4B-00C04F79EFBC}") = "AsyncCourse.Auth.Api", "AsyncCourse.Auth.Api\AsyncCourse.Auth.Api.csproj", "{F05CE71D-9ACB-4543-B342-E0E7EF4B7379}"
EndProject
Project("{FAE04EC0-301F-11D3-BF4B-00C04F79EFBC}") = "AsyncCourse.Auth.Api.Client", "AsyncCourse.Auth.Api.Client\AsyncCourse.Auth.Api.Client.csproj", "{278F04C6-4FF8-46D1-BC6F-D50B64BCC7DB}"
EndProject
Global
	GlobalSection(SolutionConfigurationPlatforms) = preSolution
		Debug|Any CPU = Debug|Any CPU
		Release|Any CPU = Release|Any CPU
	EndGlobalSection
	GlobalSection(NestedProjects) = preSolution
		{AC808A15-A12E-4BE4-8906-AF3F50BA38EC} = {B50EF139-3845-465D-B537-DEF27681A35A}
		{4D62D0C7-8DAE-4247-BD14-69A046229486} = {B50EF139-3845-465D-B537-DEF27681A35A}
		{9AA6A305-54A6-47A1-814A-22B13B2E8E4B} = {B50EF139-3845-465D-B537-DEF27681A35A}
		{F4DB7D57-47C5-445C-A4A9-CD81E7A09A11} = {B50EF139-3845-465D-B537-DEF27681A35A}
		{9AB5BB1E-BC87-49DC-BCB9-B86CAFCDD95B} = {9AA6A305-54A6-47A1-814A-22B13B2E8E4B}
		{27348D9C-D34F-4A7A-852C-24E52976C883} = {9AA6A305-54A6-47A1-814A-22B13B2E8E4B}
		{4D9357A2-2474-4BA9-AF28-B9467FBB4BE1} = {AC808A15-A12E-4BE4-8906-AF3F50BA38EC}
		{4BBDCE69-B6EA-46F3-8C1E-0FBCE422EF38} = {AC808A15-A12E-4BE4-8906-AF3F50BA38EC}
		{0F1F5E93-D78F-4986-900E-D4C029CA1A64} = {F4DB7D57-47C5-445C-A4A9-CD81E7A09A11}
		{F41092A8-9D90-4535-8B98-3D8DBB6A3B5A} = {4D62D0C7-8DAE-4247-BD14-69A046229486}
		{2AA219BF-574A-40E4-B13E-8D4B2F733440} = {197BA889-6DD3-4F00-85A9-FBC3EE09F25A}
		{3CABA961-B59E-4E3B-9A71-6D98831A91D2} = {2AA219BF-574A-40E4-B13E-8D4B2F733440}
		{AA8DA72B-F36E-4905-B9A7-BC47F0D0D964} = {2AA219BF-574A-40E4-B13E-8D4B2F733440}
		{D318C621-0DF1-4494-81EC-99CB8A248D1B} = {2AA219BF-574A-40E4-B13E-8D4B2F733440}
		{F05CE71D-9ACB-4543-B342-E0E7EF4B7379} = {197BA889-6DD3-4F00-85A9-FBC3EE09F25A}
		{278F04C6-4FF8-46D1-BC6F-D50B64BCC7DB} = {197BA889-6DD3-4F00-85A9-FBC3EE09F25A}
	EndGlobalSection
	GlobalSection(ProjectConfigurationPlatforms) = postSolution
		{9AB5BB1E-BC87-49DC-BCB9-B86CAFCDD95B}.Debug|Any CPU.ActiveCfg = Debug|Any CPU
		{9AB5BB1E-BC87-49DC-BCB9-B86CAFCDD95B}.Debug|Any CPU.Build.0 = Debug|Any CPU
		{9AB5BB1E-BC87-49DC-BCB9-B86CAFCDD95B}.Release|Any CPU.ActiveCfg = Release|Any CPU
		{9AB5BB1E-BC87-49DC-BCB9-B86CAFCDD95B}.Release|Any CPU.Build.0 = Release|Any CPU
		{27348D9C-D34F-4A7A-852C-24E52976C883}.Debug|Any CPU.ActiveCfg = Debug|Any CPU
		{27348D9C-D34F-4A7A-852C-24E52976C883}.Debug|Any CPU.Build.0 = Debug|Any CPU
		{27348D9C-D34F-4A7A-852C-24E52976C883}.Release|Any CPU.ActiveCfg = Release|Any CPU
		{27348D9C-D34F-4A7A-852C-24E52976C883}.Release|Any CPU.Build.0 = Release|Any CPU
		{4D9357A2-2474-4BA9-AF28-B9467FBB4BE1}.Debug|Any CPU.ActiveCfg = Debug|Any CPU
		{4D9357A2-2474-4BA9-AF28-B9467FBB4BE1}.Debug|Any CPU.Build.0 = Debug|Any CPU
		{4D9357A2-2474-4BA9-AF28-B9467FBB4BE1}.Release|Any CPU.ActiveCfg = Release|Any CPU
		{4D9357A2-2474-4BA9-AF28-B9467FBB4BE1}.Release|Any CPU.Build.0 = Release|Any CPU
		{4BBDCE69-B6EA-46F3-8C1E-0FBCE422EF38}.Debug|Any CPU.ActiveCfg = Debug|Any CPU
		{4BBDCE69-B6EA-46F3-8C1E-0FBCE422EF38}.Debug|Any CPU.Build.0 = Debug|Any CPU
		{4BBDCE69-B6EA-46F3-8C1E-0FBCE422EF38}.Release|Any CPU.ActiveCfg = Release|Any CPU
		{4BBDCE69-B6EA-46F3-8C1E-0FBCE422EF38}.Release|Any CPU.Build.0 = Release|Any CPU
		{0F1F5E93-D78F-4986-900E-D4C029CA1A64}.Debug|Any CPU.ActiveCfg = Debug|Any CPU
		{0F1F5E93-D78F-4986-900E-D4C029CA1A64}.Debug|Any CPU.Build.0 = Debug|Any CPU
		{0F1F5E93-D78F-4986-900E-D4C029CA1A64}.Release|Any CPU.ActiveCfg = Release|Any CPU
		{0F1F5E93-D78F-4986-900E-D4C029CA1A64}.Release|Any CPU.Build.0 = Release|Any CPU
		{F41092A8-9D90-4535-8B98-3D8DBB6A3B5A}.Debug|Any CPU.ActiveCfg = Debug|Any CPU
		{F41092A8-9D90-4535-8B98-3D8DBB6A3B5A}.Debug|Any CPU.Build.0 = Debug|Any CPU
		{F41092A8-9D90-4535-8B98-3D8DBB6A3B5A}.Release|Any CPU.ActiveCfg = Release|Any CPU
		{F41092A8-9D90-4535-8B98-3D8DBB6A3B5A}.Release|Any CPU.Build.0 = Release|Any CPU
		{3CABA961-B59E-4E3B-9A71-6D98831A91D2}.Debug|Any CPU.ActiveCfg = Debug|Any CPU
		{3CABA961-B59E-4E3B-9A71-6D98831A91D2}.Debug|Any CPU.Build.0 = Debug|Any CPU
		{3CABA961-B59E-4E3B-9A71-6D98831A91D2}.Release|Any CPU.ActiveCfg = Release|Any CPU
		{3CABA961-B59E-4E3B-9A71-6D98831A91D2}.Release|Any CPU.Build.0 = Release|Any CPU
		{AA8DA72B-F36E-4905-B9A7-BC47F0D0D964}.Debug|Any CPU.ActiveCfg = Debug|Any CPU
		{AA8DA72B-F36E-4905-B9A7-BC47F0D0D964}.Debug|Any CPU.Build.0 = Debug|Any CPU
		{AA8DA72B-F36E-4905-B9A7-BC47F0D0D964}.Release|Any CPU.ActiveCfg = Release|Any CPU
		{AA8DA72B-F36E-4905-B9A7-BC47F0D0D964}.Release|Any CPU.Build.0 = Release|Any CPU
		{D318C621-0DF1-4494-81EC-99CB8A248D1B}.Debug|Any CPU.ActiveCfg = Debug|Any CPU
		{D318C621-0DF1-4494-81EC-99CB8A248D1B}.Debug|Any CPU.Build.0 = Debug|Any CPU
		{D318C621-0DF1-4494-81EC-99CB8A248D1B}.Release|Any CPU.ActiveCfg = Release|Any CPU
		{D318C621-0DF1-4494-81EC-99CB8A248D1B}.Release|Any CPU.Build.0 = Release|Any CPU
		{F05CE71D-9ACB-4543-B342-E0E7EF4B7379}.Debug|Any CPU.ActiveCfg = Debug|Any CPU
		{F05CE71D-9ACB-4543-B342-E0E7EF4B7379}.Debug|Any CPU.Build.0 = Debug|Any CPU
		{F05CE71D-9ACB-4543-B342-E0E7EF4B7379}.Release|Any CPU.ActiveCfg = Release|Any CPU
		{F05CE71D-9ACB-4543-B342-E0E7EF4B7379}.Release|Any CPU.Build.0 = Release|Any CPU
		{278F04C6-4FF8-46D1-BC6F-D50B64BCC7DB}.Debug|Any CPU.ActiveCfg = Debug|Any CPU
		{278F04C6-4FF8-46D1-BC6F-D50B64BCC7DB}.Debug|Any CPU.Build.0 = Debug|Any CPU
		{278F04C6-4FF8-46D1-BC6F-D50B64BCC7DB}.Release|Any CPU.ActiveCfg = Release|Any CPU
		{278F04C6-4FF8-46D1-BC6F-D50B64BCC7DB}.Release|Any CPU.Build.0 = Release|Any CPU
	EndGlobalSection
EndGlobal
