
Microsoft Visual Studio Solution File, Format Version 12.00
Project("{2150E333-8FDC-42A3-9474-1A3956D46DE8}") = "Core", "Core", "{1660F21F-A9D3-4444-A5F6-EEBB1646DA83}"
EndProject
Project("{2150E333-8FDC-42A3-9474-1A3956D46DE8}") = "Client", "Client", "{E5746E1C-A4EC-400B-98EE-2A83CD8D0398}"
EndProject
Project("{2150E333-8FDC-42A3-9474-1A3956D46DE8}") = "Db", "Db", "{AED53806-42FE-46F0-AF19-8662D9C72884}"
EndProject
Project("{2150E333-8FDC-42A3-9474-1A3956D46DE8}") = "Kafka", "Kafka", "{118E71DA-8399-4811-8CB7-B04B4ED58E76}"
EndProject
Project("{2150E333-8FDC-42A3-9474-1A3956D46DE8}") = "Service", "Service", "{18C72CAD-6E36-4646-ADF1-214AD191F020}"
EndProject
Project("{FAE04EC0-301F-11D3-BF4B-00C04F79EFBC}") = "AsyncCourse.Core", "..\..\Core\AsyncCourse.Core\AsyncCourse.Core.csproj", "{D890E5EA-0F37-4459-9E4D-90D618581180}"
EndProject
Project("{FAE04EC0-301F-11D3-BF4B-00C04F79EFBC}") = "AsyncCourse.Core.Service.Domain.Startup", "..\..\Core\AsyncCourse.Core.Service.Domain.Startup\AsyncCourse.Core.Service.Domain.Startup.csproj", "{1BDE4B3C-377F-45B7-8384-81E671561BB2}"
EndProject
Project("{FAE04EC0-301F-11D3-BF4B-00C04F79EFBC}") = "AsyncCourse.Core.Db", "..\..\Core\AsyncCourse.Core.Db\AsyncCourse.Core.Db.csproj", "{3395702E-37B1-4D2C-9E6A-FDF6B083ECE7}"
EndProject
Project("{FAE04EC0-301F-11D3-BF4B-00C04F79EFBC}") = "AsyncCourse.Core.Db.Configuration", "..\..\Core\AsyncCourse.Core.Db.Configuration\AsyncCourse.Core.Db.Configuration.csproj", "{4BBF7A58-E4E6-4D34-AD83-2A7CA8C22AB9}"
EndProject
Project("{FAE04EC0-301F-11D3-BF4B-00C04F79EFBC}") = "AsyncCourse.Client", "..\..\Core\AsyncCourse.Client\AsyncCourse.Client.csproj", "{D4C9FA96-59C6-4448-A1C8-687A942E20E0}"
EndProject
Project("{FAE04EC0-301F-11D3-BF4B-00C04F79EFBC}") = "AsyncCourse.Template.Kafka.MessageBus", "..\..\Core\AsyncCourse.Template.Kafka.MessageBus\AsyncCourse.Template.Kafka.MessageBus.csproj", "{516F158B-6F85-4DDB-84D1-84D18144D82A}"
EndProject
Project("{2150E333-8FDC-42A3-9474-1A3956D46DE8}") = "Issues", "Issues", "{E16082D5-541A-4828-BEF3-299071C09C36}"
EndProject
Project("{2150E333-8FDC-42A3-9474-1A3956D46DE8}") = "Domain", "Domain", "{2E28375E-B258-4EB1-8472-8330CA314CD1}"
EndProject
Project("{FAE04EC0-301F-11D3-BF4B-00C04F79EFBC}") = "AsyncCourse.Issues.Api.Db", "AsyncCourse.Issues.Api.Db\AsyncCourse.Issues.Api.Db.csproj", "{25C6C2E6-47BF-43AC-A2B4-DC0D709DA729}"
EndProject
Project("{FAE04EC0-301F-11D3-BF4B-00C04F79EFBC}") = "AsyncCourse.Issues.Api.Domain", "AsyncCourse.Issues.Api.Domain\AsyncCourse.Issues.Api.Domain.csproj", "{6BDF9C5D-4142-434B-AC74-6B68724DFE28}"
EndProject
Project("{FAE04EC0-301F-11D3-BF4B-00C04F79EFBC}") = "AsyncCourse.Issues.Api.Models", "AsyncCourse.Issues.Api.Models\AsyncCourse.Issues.Api.Models.csproj", "{4A71CA58-C936-427B-9855-B55E2394BAB0}"
EndProject
Project("{FAE04EC0-301F-11D3-BF4B-00C04F79EFBC}") = "AsyncCourse.Issues.Api", "AsyncCourse.Issues.Api\AsyncCourse.Issues.Api.csproj", "{D5BE4D47-6460-4A09-B4CB-B95F06014696}"
EndProject
Project("{2150E333-8FDC-42A3-9474-1A3956D46DE8}") = "External", "External", "{65959954-4A89-48E2-AEFB-9176897EDDA7}"
EndProject
Project("{FAE04EC0-301F-11D3-BF4B-00C04F79EFBC}") = "AsyncCourse.Auth.Api.Client", "..\..\Auth\AsyncCourse.AuthApi\AsyncCourse.Auth.Api.Client\AsyncCourse.Auth.Api.Client.csproj", "{940EADBD-356B-4D6B-8034-F033CA5B5F2B}"
EndProject
Project("{FAE04EC0-301F-11D3-BF4B-00C04F79EFBC}") = "AsyncCourse.Issues.Daemon", "AsyncCourse.Issues.Daemon\AsyncCourse.Issues.Daemon.csproj", "{7004A11B-5E14-497E-A0FF-7AA71E89724C}"
EndProject
Project("{FAE04EC0-301F-11D3-BF4B-00C04F79EFBC}") = "AsyncCourse.Issues.Api.Client", "AsyncCourse.Issues.Api.Client\AsyncCourse.Issues.Api.Client.csproj", "{399E3FAE-FBCB-4C89-99A1-703DAD9B2256}"
EndProject
Project("{FAE04EC0-301F-11D3-BF4B-00C04F79EFBC}") = "AsyncCourse.Issues.DaemonProducer", "AsyncCourse.Issues.DaemonProducer\AsyncCourse.Issues.DaemonProducer.csproj", "{38C6C4A6-0CE9-4788-90FB-440D15024662}"
EndProject
Global
	GlobalSection(SolutionConfigurationPlatforms) = preSolution
		Debug|Any CPU = Debug|Any CPU
		Release|Any CPU = Release|Any CPU
	EndGlobalSection
	GlobalSection(NestedProjects) = preSolution
		{E5746E1C-A4EC-400B-98EE-2A83CD8D0398} = {1660F21F-A9D3-4444-A5F6-EEBB1646DA83}
		{AED53806-42FE-46F0-AF19-8662D9C72884} = {1660F21F-A9D3-4444-A5F6-EEBB1646DA83}
		{118E71DA-8399-4811-8CB7-B04B4ED58E76} = {1660F21F-A9D3-4444-A5F6-EEBB1646DA83}
		{18C72CAD-6E36-4646-ADF1-214AD191F020} = {1660F21F-A9D3-4444-A5F6-EEBB1646DA83}
		{D890E5EA-0F37-4459-9E4D-90D618581180} = {18C72CAD-6E36-4646-ADF1-214AD191F020}
		{1BDE4B3C-377F-45B7-8384-81E671561BB2} = {18C72CAD-6E36-4646-ADF1-214AD191F020}
		{3395702E-37B1-4D2C-9E6A-FDF6B083ECE7} = {AED53806-42FE-46F0-AF19-8662D9C72884}
		{4BBF7A58-E4E6-4D34-AD83-2A7CA8C22AB9} = {AED53806-42FE-46F0-AF19-8662D9C72884}
		{D4C9FA96-59C6-4448-A1C8-687A942E20E0} = {E5746E1C-A4EC-400B-98EE-2A83CD8D0398}
		{516F158B-6F85-4DDB-84D1-84D18144D82A} = {118E71DA-8399-4811-8CB7-B04B4ED58E76}
		{2E28375E-B258-4EB1-8472-8330CA314CD1} = {E16082D5-541A-4828-BEF3-299071C09C36}
		{25C6C2E6-47BF-43AC-A2B4-DC0D709DA729} = {2E28375E-B258-4EB1-8472-8330CA314CD1}
		{6BDF9C5D-4142-434B-AC74-6B68724DFE28} = {2E28375E-B258-4EB1-8472-8330CA314CD1}
		{4A71CA58-C936-427B-9855-B55E2394BAB0} = {2E28375E-B258-4EB1-8472-8330CA314CD1}
		{D5BE4D47-6460-4A09-B4CB-B95F06014696} = {E16082D5-541A-4828-BEF3-299071C09C36}
		{940EADBD-356B-4D6B-8034-F033CA5B5F2B} = {65959954-4A89-48E2-AEFB-9176897EDDA7}
		{7004A11B-5E14-497E-A0FF-7AA71E89724C} = {E16082D5-541A-4828-BEF3-299071C09C36}
		{399E3FAE-FBCB-4C89-99A1-703DAD9B2256} = {E16082D5-541A-4828-BEF3-299071C09C36}
		{38C6C4A6-0CE9-4788-90FB-440D15024662} = {E16082D5-541A-4828-BEF3-299071C09C36}
	EndGlobalSection
	GlobalSection(ProjectConfigurationPlatforms) = postSolution
		{D890E5EA-0F37-4459-9E4D-90D618581180}.Debug|Any CPU.ActiveCfg = Debug|Any CPU
		{D890E5EA-0F37-4459-9E4D-90D618581180}.Debug|Any CPU.Build.0 = Debug|Any CPU
		{D890E5EA-0F37-4459-9E4D-90D618581180}.Release|Any CPU.ActiveCfg = Release|Any CPU
		{D890E5EA-0F37-4459-9E4D-90D618581180}.Release|Any CPU.Build.0 = Release|Any CPU
		{1BDE4B3C-377F-45B7-8384-81E671561BB2}.Debug|Any CPU.ActiveCfg = Debug|Any CPU
		{1BDE4B3C-377F-45B7-8384-81E671561BB2}.Debug|Any CPU.Build.0 = Debug|Any CPU
		{1BDE4B3C-377F-45B7-8384-81E671561BB2}.Release|Any CPU.ActiveCfg = Release|Any CPU
		{1BDE4B3C-377F-45B7-8384-81E671561BB2}.Release|Any CPU.Build.0 = Release|Any CPU
		{3395702E-37B1-4D2C-9E6A-FDF6B083ECE7}.Debug|Any CPU.ActiveCfg = Debug|Any CPU
		{3395702E-37B1-4D2C-9E6A-FDF6B083ECE7}.Debug|Any CPU.Build.0 = Debug|Any CPU
		{3395702E-37B1-4D2C-9E6A-FDF6B083ECE7}.Release|Any CPU.ActiveCfg = Release|Any CPU
		{3395702E-37B1-4D2C-9E6A-FDF6B083ECE7}.Release|Any CPU.Build.0 = Release|Any CPU
		{4BBF7A58-E4E6-4D34-AD83-2A7CA8C22AB9}.Debug|Any CPU.ActiveCfg = Debug|Any CPU
		{4BBF7A58-E4E6-4D34-AD83-2A7CA8C22AB9}.Debug|Any CPU.Build.0 = Debug|Any CPU
		{4BBF7A58-E4E6-4D34-AD83-2A7CA8C22AB9}.Release|Any CPU.ActiveCfg = Release|Any CPU
		{4BBF7A58-E4E6-4D34-AD83-2A7CA8C22AB9}.Release|Any CPU.Build.0 = Release|Any CPU
		{D4C9FA96-59C6-4448-A1C8-687A942E20E0}.Debug|Any CPU.ActiveCfg = Debug|Any CPU
		{D4C9FA96-59C6-4448-A1C8-687A942E20E0}.Debug|Any CPU.Build.0 = Debug|Any CPU
		{D4C9FA96-59C6-4448-A1C8-687A942E20E0}.Release|Any CPU.ActiveCfg = Release|Any CPU
		{D4C9FA96-59C6-4448-A1C8-687A942E20E0}.Release|Any CPU.Build.0 = Release|Any CPU
		{516F158B-6F85-4DDB-84D1-84D18144D82A}.Debug|Any CPU.ActiveCfg = Debug|Any CPU
		{516F158B-6F85-4DDB-84D1-84D18144D82A}.Debug|Any CPU.Build.0 = Debug|Any CPU
		{516F158B-6F85-4DDB-84D1-84D18144D82A}.Release|Any CPU.ActiveCfg = Release|Any CPU
		{516F158B-6F85-4DDB-84D1-84D18144D82A}.Release|Any CPU.Build.0 = Release|Any CPU
		{25C6C2E6-47BF-43AC-A2B4-DC0D709DA729}.Debug|Any CPU.ActiveCfg = Debug|Any CPU
		{25C6C2E6-47BF-43AC-A2B4-DC0D709DA729}.Debug|Any CPU.Build.0 = Debug|Any CPU
		{25C6C2E6-47BF-43AC-A2B4-DC0D709DA729}.Release|Any CPU.ActiveCfg = Release|Any CPU
		{25C6C2E6-47BF-43AC-A2B4-DC0D709DA729}.Release|Any CPU.Build.0 = Release|Any CPU
		{6BDF9C5D-4142-434B-AC74-6B68724DFE28}.Debug|Any CPU.ActiveCfg = Debug|Any CPU
		{6BDF9C5D-4142-434B-AC74-6B68724DFE28}.Debug|Any CPU.Build.0 = Debug|Any CPU
		{6BDF9C5D-4142-434B-AC74-6B68724DFE28}.Release|Any CPU.ActiveCfg = Release|Any CPU
		{6BDF9C5D-4142-434B-AC74-6B68724DFE28}.Release|Any CPU.Build.0 = Release|Any CPU
		{4A71CA58-C936-427B-9855-B55E2394BAB0}.Debug|Any CPU.ActiveCfg = Debug|Any CPU
		{4A71CA58-C936-427B-9855-B55E2394BAB0}.Debug|Any CPU.Build.0 = Debug|Any CPU
		{4A71CA58-C936-427B-9855-B55E2394BAB0}.Release|Any CPU.ActiveCfg = Release|Any CPU
		{4A71CA58-C936-427B-9855-B55E2394BAB0}.Release|Any CPU.Build.0 = Release|Any CPU
		{D5BE4D47-6460-4A09-B4CB-B95F06014696}.Debug|Any CPU.ActiveCfg = Debug|Any CPU
		{D5BE4D47-6460-4A09-B4CB-B95F06014696}.Debug|Any CPU.Build.0 = Debug|Any CPU
		{D5BE4D47-6460-4A09-B4CB-B95F06014696}.Release|Any CPU.ActiveCfg = Release|Any CPU
		{D5BE4D47-6460-4A09-B4CB-B95F06014696}.Release|Any CPU.Build.0 = Release|Any CPU
		{940EADBD-356B-4D6B-8034-F033CA5B5F2B}.Debug|Any CPU.ActiveCfg = Debug|Any CPU
		{940EADBD-356B-4D6B-8034-F033CA5B5F2B}.Debug|Any CPU.Build.0 = Debug|Any CPU
		{940EADBD-356B-4D6B-8034-F033CA5B5F2B}.Release|Any CPU.ActiveCfg = Release|Any CPU
		{940EADBD-356B-4D6B-8034-F033CA5B5F2B}.Release|Any CPU.Build.0 = Release|Any CPU
		{7004A11B-5E14-497E-A0FF-7AA71E89724C}.Debug|Any CPU.ActiveCfg = Debug|Any CPU
		{7004A11B-5E14-497E-A0FF-7AA71E89724C}.Debug|Any CPU.Build.0 = Debug|Any CPU
		{7004A11B-5E14-497E-A0FF-7AA71E89724C}.Release|Any CPU.ActiveCfg = Release|Any CPU
		{7004A11B-5E14-497E-A0FF-7AA71E89724C}.Release|Any CPU.Build.0 = Release|Any CPU
		{399E3FAE-FBCB-4C89-99A1-703DAD9B2256}.Debug|Any CPU.ActiveCfg = Debug|Any CPU
		{399E3FAE-FBCB-4C89-99A1-703DAD9B2256}.Debug|Any CPU.Build.0 = Debug|Any CPU
		{399E3FAE-FBCB-4C89-99A1-703DAD9B2256}.Release|Any CPU.ActiveCfg = Release|Any CPU
		{399E3FAE-FBCB-4C89-99A1-703DAD9B2256}.Release|Any CPU.Build.0 = Release|Any CPU
		{38C6C4A6-0CE9-4788-90FB-440D15024662}.Debug|Any CPU.ActiveCfg = Debug|Any CPU
		{38C6C4A6-0CE9-4788-90FB-440D15024662}.Debug|Any CPU.Build.0 = Debug|Any CPU
		{38C6C4A6-0CE9-4788-90FB-440D15024662}.Release|Any CPU.ActiveCfg = Release|Any CPU
		{38C6C4A6-0CE9-4788-90FB-440D15024662}.Release|Any CPU.Build.0 = Release|Any CPU
	EndGlobalSection
EndGlobal
